
Microsoft Visual Studio Solution File, Format Version 12.00
# Visual Studio Version 17
VisualStudioVersion = 17.9.34728.123
MinimumVisualStudioVersion = 10.0.40219.1
Project("{FAE04EC0-301F-11D3-BF4B-00C04F79EFBC}") = "0H04016_志賀羊子_uiux01", "0H04016_志賀羊子_uiux01.csproj", "{FEBFCF23-C8D1-4376-B489-6751C8735DF9}"
EndProject
Global
	GlobalSection(SolutionConfigurationPlatforms) = preSolution
		Debug|Any CPU = Debug|Any CPU
		Release|Any CPU = Release|Any CPU
	EndGlobalSection
	GlobalSection(ProjectConfigurationPlatforms) = postSolution
		{FEBFCF23-C8D1-4376-B489-6751C8735DF9}.Debug|Any CPU.ActiveCfg = Debug|Any CPU
		{FEBFCF23-C8D1-4376-B489-6751C8735DF9}.Debug|Any CPU.Build.0 = Debug|Any CPU
		{FEBFCF23-C8D1-4376-B489-6751C8735DF9}.Release|Any CPU.ActiveCfg = Release|Any CPU
		{FEBFCF23-C8D1-4376-B489-6751C8735DF9}.Release|Any CPU.Build.0 = Release|Any CPU
	EndGlobalSection
	GlobalSection(SolutionProperties) = preSolution
		HideSolutionNode = FALSE
	EndGlobalSection
	GlobalSection(ExtensibilityGlobals) = postSolution
		SolutionGuid = {BA5E98EF-9DF5-4B76-ACF2-D1181434D108}
	EndGlobalSection
EndGlobal
